
Microsoft Visual Studio Solution File, Format Version 12.00
# Visual Studio Version 16
VisualStudioVersion = 16.6.30114.105
MinimumVisualStudioVersion = 10.0.40219.1
Project("{2150E333-8FDC-42A3-9474-1A3956D46DE8}") = "src", "src", "{43CE879C-A994-40C9-9CDD-232BB80DAFA2}"
EndProject
Project("{FAE04EC0-301F-11D3-BF4B-00C04F79EFBC}") = "CommandAPI", "src\CommandAPI\CommandAPI.csproj", "{28B0AC04-365B-4587-9E7A-BC1736EC16E2}"
EndProject
Project("{2150E333-8FDC-42A3-9474-1A3956D46DE8}") = "test", "test", "{9058528C-136C-412E-91F4-BE7615F6654D}"
EndProject
Project("{FAE04EC0-301F-11D3-BF4B-00C04F79EFBC}") = "CommandAPI.Tests", "test\CommandAPI.Tests\CommandAPI.Tests.csproj", "{F5C4E7A4-2CDA-4C04-BD76-BEBB1C53EAEF}"
EndProject
Global
	GlobalSection(SolutionConfigurationPlatforms) = preSolution
		Debug|Any CPU = Debug|Any CPU
		Debug|x64 = Debug|x64
		Debug|x86 = Debug|x86
		Release|Any CPU = Release|Any CPU
		Release|x64 = Release|x64
		Release|x86 = Release|x86
	EndGlobalSection
	GlobalSection(SolutionProperties) = preSolution
		HideSolutionNode = FALSE
	EndGlobalSection
	GlobalSection(ProjectConfigurationPlatforms) = postSolution
		{28B0AC04-365B-4587-9E7A-BC1736EC16E2}.Debug|Any CPU.ActiveCfg = Debug|Any CPU
		{28B0AC04-365B-4587-9E7A-BC1736EC16E2}.Debug|Any CPU.Build.0 = Debug|Any CPU
		{28B0AC04-365B-4587-9E7A-BC1736EC16E2}.Debug|x64.ActiveCfg = Debug|Any CPU
		{28B0AC04-365B-4587-9E7A-BC1736EC16E2}.Debug|x64.Build.0 = Debug|Any CPU
		{28B0AC04-365B-4587-9E7A-BC1736EC16E2}.Debug|x86.ActiveCfg = Debug|Any CPU
		{28B0AC04-365B-4587-9E7A-BC1736EC16E2}.Debug|x86.Build.0 = Debug|Any CPU
		{28B0AC04-365B-4587-9E7A-BC1736EC16E2}.Release|Any CPU.ActiveCfg = Release|Any CPU
		{28B0AC04-365B-4587-9E7A-BC1736EC16E2}.Release|Any CPU.Build.0 = Release|Any CPU
		{28B0AC04-365B-4587-9E7A-BC1736EC16E2}.Release|x64.ActiveCfg = Release|Any CPU
		{28B0AC04-365B-4587-9E7A-BC1736EC16E2}.Release|x64.Build.0 = Release|Any CPU
		{28B0AC04-365B-4587-9E7A-BC1736EC16E2}.Release|x86.ActiveCfg = Release|Any CPU
		{28B0AC04-365B-4587-9E7A-BC1736EC16E2}.Release|x86.Build.0 = Release|Any CPU
		{F5C4E7A4-2CDA-4C04-BD76-BEBB1C53EAEF}.Debug|Any CPU.ActiveCfg = Debug|Any CPU
		{F5C4E7A4-2CDA-4C04-BD76-BEBB1C53EAEF}.Debug|Any CPU.Build.0 = Debug|Any CPU
		{F5C4E7A4-2CDA-4C04-BD76-BEBB1C53EAEF}.Debug|x64.ActiveCfg = Debug|Any CPU
		{F5C4E7A4-2CDA-4C04-BD76-BEBB1C53EAEF}.Debug|x64.Build.0 = Debug|Any CPU
		{F5C4E7A4-2CDA-4C04-BD76-BEBB1C53EAEF}.Debug|x86.ActiveCfg = Debug|Any CPU
		{F5C4E7A4-2CDA-4C04-BD76-BEBB1C53EAEF}.Debug|x86.Build.0 = Debug|Any CPU
		{F5C4E7A4-2CDA-4C04-BD76-BEBB1C53EAEF}.Release|Any CPU.ActiveCfg = Release|Any CPU
		{F5C4E7A4-2CDA-4C04-BD76-BEBB1C53EAEF}.Release|Any CPU.Build.0 = Release|Any CPU
		{F5C4E7A4-2CDA-4C04-BD76-BEBB1C53EAEF}.Release|x64.ActiveCfg = Release|Any CPU
		{F5C4E7A4-2CDA-4C04-BD76-BEBB1C53EAEF}.Release|x64.Build.0 = Release|Any CPU
		{F5C4E7A4-2CDA-4C04-BD76-BEBB1C53EAEF}.Release|x86.ActiveCfg = Release|Any CPU
		{F5C4E7A4-2CDA-4C04-BD76-BEBB1C53EAEF}.Release|x86.Build.0 = Release|Any CPU
	EndGlobalSection
	GlobalSection(NestedProjects) = preSolution
		{28B0AC04-365B-4587-9E7A-BC1736EC16E2} = {43CE879C-A994-40C9-9CDD-232BB80DAFA2}
		{F5C4E7A4-2CDA-4C04-BD76-BEBB1C53EAEF} = {9058528C-136C-412E-91F4-BE7615F6654D}
	EndGlobalSection
EndGlobal
